
Microsoft Visual Studio Solution File, Format Version 12.00
# Visual Studio Version 16
VisualStudioVersion = 16.0.30330.147
MinimumVisualStudioVersion = 10.0.40219.1
Project("{9A19103F-16F7-4668-BE54-9A1E7A4F7556}") = "Sumar", "Sumar\Sumar.csproj", "{B4BCC3F4-8118-4F5B-AA37-BDE9AEE6EF24}"
EndProject
Project("{FAE04EC0-301F-11D3-BF4B-00C04F79EFBC}") = "UnitTestSumar", "UnitTestSumar\UnitTestSumar.csproj", "{3ACDC157-3CFB-4D98-911C-4AEB4C5245C1}"
EndProject
Global
	GlobalSection(SolutionConfigurationPlatforms) = preSolution
		Debug|Any CPU = Debug|Any CPU
		Release|Any CPU = Release|Any CPU
	EndGlobalSection
	GlobalSection(ProjectConfigurationPlatforms) = postSolution
		{B4BCC3F4-8118-4F5B-AA37-BDE9AEE6EF24}.Debug|Any CPU.ActiveCfg = Debug|Any CPU
		{B4BCC3F4-8118-4F5B-AA37-BDE9AEE6EF24}.Debug|Any CPU.Build.0 = Debug|Any CPU
		{B4BCC3F4-8118-4F5B-AA37-BDE9AEE6EF24}.Release|Any CPU.ActiveCfg = Release|Any CPU
		{B4BCC3F4-8118-4F5B-AA37-BDE9AEE6EF24}.Release|Any CPU.Build.0 = Release|Any CPU
		{3ACDC157-3CFB-4D98-911C-4AEB4C5245C1}.Debug|Any CPU.ActiveCfg = Debug|Any CPU
		{3ACDC157-3CFB-4D98-911C-4AEB4C5245C1}.Debug|Any CPU.Build.0 = Debug|Any CPU
		{3ACDC157-3CFB-4D98-911C-4AEB4C5245C1}.Release|Any CPU.ActiveCfg = Release|Any CPU
		{3ACDC157-3CFB-4D98-911C-4AEB4C5245C1}.Release|Any CPU.Build.0 = Release|Any CPU
	EndGlobalSection
	GlobalSection(SolutionProperties) = preSolution
		HideSolutionNode = FALSE
	EndGlobalSection
	GlobalSection(ExtensibilityGlobals) = postSolution
		SolutionGuid = {95E352E4-B763-4E4D-8BAD-B4F68D4B0FB5}
	EndGlobalSection
EndGlobal
